
Microsoft Visual Studio Solution File, Format Version 12.00
# Visual Studio Version 17
VisualStudioVersion = 17.5.002.0
MinimumVisualStudioVersion = 10.0.40219.1
Project("{9A19103F-16F7-4668-BE54-9A1E7A4F7556}") = "GetDNS", "GetDNS.csproj", "{0ACEFD7D-07CA-4C91-80AE-A6E1B5F38702}"
EndProject
Global
	GlobalSection(SolutionConfigurationPlatforms) = preSolution
		Debug|Any CPU = Debug|Any CPU
		Release|Any CPU = Release|Any CPU
	EndGlobalSection
	GlobalSection(ProjectConfigurationPlatforms) = postSolution
		{0ACEFD7D-07CA-4C91-80AE-A6E1B5F38702}.Debug|Any CPU.ActiveCfg = Debug|Any CPU
		{0ACEFD7D-07CA-4C91-80AE-A6E1B5F38702}.Debug|Any CPU.Build.0 = Debug|Any CPU
		{0ACEFD7D-07CA-4C91-80AE-A6E1B5F38702}.Release|Any CPU.ActiveCfg = Release|Any CPU
		{0ACEFD7D-07CA-4C91-80AE-A6E1B5F38702}.Release|Any CPU.Build.0 = Release|Any CPU
	EndGlobalSection
	GlobalSection(SolutionProperties) = preSolution
		HideSolutionNode = FALSE
	EndGlobalSection
	GlobalSection(ExtensibilityGlobals) = postSolution
		SolutionGuid = {67313F02-8787-4AA8-86E3-0DF9C9D3F274}
	EndGlobalSection
EndGlobal
